
Microsoft Visual Studio Solution File, Format Version 12.00
# Visual Studio Version 16
VisualStudioVersion = 16.0.30517.126
MinimumVisualStudioVersion = 10.0.40219.1
Project("{FAE04EC0-301F-11D3-BF4B-00C04F79EFBC}") = "oopchallanges", "oopchallanges\oopchallanges.csproj", "{B9611CF2-0FCB-4D63-BE3D-8C3B54C5FFBB}"
EndProject
Project("{FAE04EC0-301F-11D3-BF4B-00C04F79EFBC}") = "Car", "Car\Car.csproj", "{022BE486-8537-4DC1-AF3B-2347ACA88769}"
EndProject
Global
	GlobalSection(SolutionConfigurationPlatforms) = preSolution
		Debug|Any CPU = Debug|Any CPU
		Release|Any CPU = Release|Any CPU
	EndGlobalSection
	GlobalSection(ProjectConfigurationPlatforms) = postSolution
		{B9611CF2-0FCB-4D63-BE3D-8C3B54C5FFBB}.Debug|Any CPU.ActiveCfg = Debug|Any CPU
		{B9611CF2-0FCB-4D63-BE3D-8C3B54C5FFBB}.Debug|Any CPU.Build.0 = Debug|Any CPU
		{B9611CF2-0FCB-4D63-BE3D-8C3B54C5FFBB}.Release|Any CPU.ActiveCfg = Release|Any CPU
		{B9611CF2-0FCB-4D63-BE3D-8C3B54C5FFBB}.Release|Any CPU.Build.0 = Release|Any CPU
		{022BE486-8537-4DC1-AF3B-2347ACA88769}.Debug|Any CPU.ActiveCfg = Debug|Any CPU
		{022BE486-8537-4DC1-AF3B-2347ACA88769}.Debug|Any CPU.Build.0 = Debug|Any CPU
		{022BE486-8537-4DC1-AF3B-2347ACA88769}.Release|Any CPU.ActiveCfg = Release|Any CPU
		{022BE486-8537-4DC1-AF3B-2347ACA88769}.Release|Any CPU.Build.0 = Release|Any CPU
	EndGlobalSection
	GlobalSection(SolutionProperties) = preSolution
		HideSolutionNode = FALSE
	EndGlobalSection
	GlobalSection(ExtensibilityGlobals) = postSolution
		SolutionGuid = {1FEB01EB-54C9-4C62-A3DE-68F42648415F}
	EndGlobalSection
EndGlobal
